lockfileVersion: '9.0'

settings:
  autoInstallPeers: true
  excludeLinksFromLockfile: false

importers:

  .:
    dependencies:
      '@ai-sdk/openai':
        specifier: ^1.2.5
        version: 1.2.5(zod@3.24.2)
      ai:
        specifier: ^4.1.61
        version: 4.1.61(react@19.0.0)(zod@3.24.2)
      dotenv:
        specifier: ^16.4.7
        version: 16.4.7
      playwright:
        specifier: ^1.51.0
        version: 1.51.0
      zod:
        specifier: ^3.24.2
        version: 3.24.2
    devDependencies:
      '@types/node':
        specifier: ^22.13.10
        version: 22.13.10
      typescript:
        specifier: ^5.8.2
        version: 5.8.2

packages:

  '@ai-sdk/openai@1.2.5':
    resolution: {integrity: sha512-COK7LzspgQQh5Yq070xfDdVMvp8WX592rXRaMaYNNqu1xpzahxDcM24aF9xgKYWuYH0UMoOw4UmWGwGxr6ygIg==}
    engines: {node: '>=18'}
    peerDependencies:
      zod: ^3.0.0

  '@ai-sdk/provider-utils@2.1.13':
    resolution: {integrity: sha512-kLjqsfOdONr6DGcGEntFYM1niXz1H05vyZNf9OAzK+KKKc64izyP4/q/9HX7W4+6g8hm6BnmKxu8vkr6FSOqDg==}
    engines: {node: '>=18'}
    peerDependencies:
      zod: ^3.0.0
    peerDependenciesMeta:
      zod:
        optional: true

  '@ai-sdk/provider@1.0.11':
    resolution: {integrity: sha512-CPyImHGiT3svyfmvPvAFTianZzWFtm0qK82XjwlQIA1C3IQ2iku/PMQXi7aFyrX0TyMh3VTkJPB03tjU2VXVrw==}
    engines: {node: '>=18'}

  '@ai-sdk/react@1.1.23':
    resolution: {integrity: sha512-R+PG9ya0GLs6orzt+1MxmjrWFuZM0gVs+l8ihBr1u+42wwkVeojY4CAtQjW4nrfGTVbdJYkl5y+r/VKfjr42aQ==}
    engines: {node: '>=18'}
    peerDependencies:
      react: ^18 || ^19 || ^19.0.0-rc
      zod: ^3.0.0
    peerDependenciesMeta:
      react:
        optional: true
      zod:
        optional: true

  '@ai-sdk/ui-utils@1.1.19':
    resolution: {integrity: sha512-rDHy2uxlPMt3jjS9L6mBrsfhEInZ5BVoWevmD13fsAt2s/XWy2OwwKmgmUQkdLlY4mn/eyeYAfDGK8+5CbOAgg==}
    engines: {node: '>=18'}
    peerDependencies:
      zod: ^3.0.0
    peerDependenciesMeta:
      zod:
        optional: true

  '@opentelemetry/api@1.9.0':
    resolution: {integrity: sha512-3giAOQvZiH5F9bMlMiv8+GSPMeqg0dbaeo58/0SlA9sxSqZhnUtxzX9/2FzyhS9sWQf5S0GJE0AKBrFqjpeYcg==}
    engines: {node: '>=8.0.0'}

  '@types/diff-match-patch@1.0.36':
    resolution: {integrity: sha512-xFdR6tkm0MWvBfO8xXCSsinYxHcqkQUlcHeSpMC2ukzOb6lwQAfDmW+Qt0AvlGd8HpsS28qKsB+oPeJn9I39jg==}

  '@types/node@22.13.10':
    resolution: {integrity: sha512-I6LPUvlRH+O6VRUqYOcMudhaIdUVWfsjnZavnsraHvpBwaEyMN29ry+0UVJhImYL16xsscu0aske3yA+uPOWfw==}

  ai@4.1.61:
    resolution: {integrity: sha512-Y9SAyGJEeW23F6C7PSHZXYNEvbH2cqJm0rVW2AoeFaXFT13ttx8rAqs8wz2w466C1UB329yl5PXayFcHqofSEA==}
    engines: {node: '>=18'}
    peerDependencies:
      react: ^18 || ^19 || ^19.0.0-rc
      zod: ^3.0.0
    peerDependenciesMeta:
      react:
        optional: true
      zod:
        optional: true

  chalk@5.4.1:
    resolution: {integrity: sha512-zgVZuo2WcZgfUEmsn6eO3kINexW8RAE4maiQ8QNs8CtpPCSyMiYsULR3HQYkm3w8FIA3SberyMJMSldGsW+U3w==}
    engines: {node: ^12.17.0 || ^14.13 || >=16.0.0}

  dequal@2.0.3:
    resolution: {integrity: sha512-0je+qPKHEMohvfRTCEo3CrPG6cAzAYgmzKyxRiYSSDkS6eGJdyVJm7WaYA5ECaAD9wLB2T4EEeymA5aFVcYXCA==}
    engines: {node: '>=6'}

  diff-match-patch@1.0.5:
    resolution: {integrity: sha512-IayShXAgj/QMXgB0IWmKx+rOPuGMhqm5w6jvFxmVenXKIzRqTAAsbBPT3kWQeGANj3jGgvcvv4yK6SxqYmikgw==}

  dotenv@16.4.7:
    resolution: {integrity: sha512-47qPchRCykZC03FhkYAhrvwU4xDBFIj1QPqaarj6mdM/hgUzfPHcpkHJOn3mJAufFeeAxAzeGsr5X0M4k6fLZQ==}
    engines: {node: '>=12'}

  eventsource-parser@3.0.0:
    resolution: {integrity: sha512-T1C0XCUimhxVQzW4zFipdx0SficT651NnkR0ZSH3yQwh+mFMdLfgjABVi4YtMTtaL4s168593DaoaRLMqryavA==}
    engines: {node: '>=18.0.0'}

  fsevents@2.3.2:
    resolution: {integrity: sha512-xiqMQR4xAeHTuB9uWm+fFRcIOgKBMiOBP+eXiyT7jsgVCq1bkVygt00oASowB7EdtpOHaaPgKt812P9ab+DDKA==}
    engines: {node: ^8.16.0 || ^10.6.0 || >=11.0.0}
    os: [darwin]

  json-schema@0.4.0:
    resolution: {integrity: sha512-es94M3nTIfsEPisRafak+HDLfHXnKBhV3vU5eqPcS3flIWqcxJWgXHXiey3YrpaNsanY5ei1VoYEbOzijuq9BA==}

  jsondiffpatch@0.6.0:
    resolution: {integrity: sha512-3QItJOXp2AP1uv7waBkao5nCvhEv+QmJAd38Ybq7wNI74Q+BBmnLn4EDKz6yI9xGAIQoUF87qHt+kc1IVxB4zQ==}
    engines: {node: ^18.0.0 || >=20.0.0}
    hasBin: true

  nanoid@3.3.10:
    resolution: {integrity: sha512-vSJJTG+t/dIKAUhUDw/dLdZ9s//5OxcHqLaDWWrW4Cdq7o6tdLIczUkMXt2MBNmk6sJRZBZRXVixs7URY1CmIg==}
    engines: {node: ^10 || ^12 || ^13.7 || ^14 || >=15.0.1}
    hasBin: true

  playwright-core@1.51.0:
    resolution: {integrity: sha512-x47yPE3Zwhlil7wlNU/iktF7t2r/URR3VLbH6EknJd/04Qc/PSJ0EY3CMXipmglLG+zyRxW6HNo2EGbKLHPWMg==}
    engines: {node: '>=18'}
    hasBin: true

  playwright@1.51.0:
    resolution: {integrity: sha512-442pTfGM0xxfCYxuBa/Pu6B2OqxqqaYq39JS8QDMGThUvIOCd6s0ANDog3uwA0cHavVlnTQzGCN7Id2YekDSXA==}
    engines: {node: '>=18'}
    hasBin: true

  react@19.0.0:
    resolution: {integrity: sha512-V8AVnmPIICiWpGfm6GLzCR/W5FXLchHop40W4nXBmdlEceh16rCN8O8LNWm5bh5XUX91fh7KpA+W0TgMKmgTpQ==}
    engines: {node: '>=0.10.0'}

  secure-json-parse@2.7.0:
    resolution: {integrity: sha512-6aU+Rwsezw7VR8/nyvKTx8QpWH9FrcYiXXlqC4z5d5XQBDRqtbfsRjnwGyqbi3gddNtWHuEk9OANUotL26qKUw==}

  swr@2.3.3:
    resolution: {integrity: sha512-dshNvs3ExOqtZ6kJBaAsabhPdHyeY4P2cKwRCniDVifBMoG/SVI7tfLWqPXriVspf2Rg4tPzXJTnwaihIeFw2A==}
    peerDependencies:
      react: ^16.11.0 || ^17.0.0 || ^18.0.0 || ^19.0.0

  throttleit@2.1.0:
    resolution: {integrity: sha512-nt6AMGKW1p/70DF/hGBdJB57B8Tspmbp5gfJ8ilhLnt7kkr2ye7hzD6NVG8GGErk2HWF34igrL2CXmNIkzKqKw==}
    engines: {node: '>=18'}

  typescript@5.8.2:
    resolution: {integrity: sha512-aJn6wq13/afZp/jT9QZmwEjDqqvSGp1VT5GVg+f/t6/oVyrgXM6BY1h9BRh/O5p3PlUPAe+WuiEZOmb/49RqoQ==}
    engines: {node: '>=14.17'}
    hasBin: true

  undici-types@6.20.0:
    resolution: {integrity: sha512-Ny6QZ2Nju20vw1SRHe3d9jVu6gJ+4e3+MMpqu7pqE5HT6WsTSlce++GQmK5UXS8mzV8DSYHrQH+Xrf2jVcuKNg==}

  use-sync-external-store@1.4.0:
    resolution: {integrity: sha512-9WXSPC5fMv61vaupRkCKCxsPxBocVnwakBEkMIHHpkTTg6icbJtg6jzgtLDm4bl3cSHAca52rYWih0k4K3PfHw==}
    peerDependencies:
      react: ^16.8.0 || ^17.0.0 || ^18.0.0 || ^19.0.0

  zod-to-json-schema@3.24.4:
    resolution: {integrity: sha512-0uNlcvgabyrni9Ag8Vghj21drk7+7tp7VTwwR7KxxXXc/3pbXz2PHlDgj3cICahgF1kHm4dExBFj7BXrZJXzig==}
    peerDependencies:
      zod: ^3.24.1

  zod@3.24.2:
    resolution: {integrity: sha512-lY7CDW43ECgW9u1TcT3IoXHflywfVqDYze4waEz812jR/bZ8FHDsl7pFQoSZTz5N+2NqRXs8GBwnAwo3ZNxqhQ==}

snapshots:

  '@ai-sdk/openai@1.2.5(zod@3.24.2)':
    dependencies:
      '@ai-sdk/provider': 1.0.11
      '@ai-sdk/provider-utils': 2.1.13(zod@3.24.2)
      zod: 3.24.2

  '@ai-sdk/provider-utils@2.1.13(zod@3.24.2)':
    dependencies:
      '@ai-sdk/provider': 1.0.11
      eventsource-parser: 3.0.0
      nanoid: 3.3.10
      secure-json-parse: 2.7.0
    optionalDependencies:
      zod: 3.24.2

  '@ai-sdk/provider@1.0.11':
    dependencies:
      json-schema: 0.4.0

  '@ai-sdk/react@1.1.23(react@19.0.0)(zod@3.24.2)':
    dependencies:
      '@ai-sdk/provider-utils': 2.1.13(zod@3.24.2)
      '@ai-sdk/ui-utils': 1.1.19(zod@3.24.2)
      swr: 2.3.3(react@19.0.0)
      throttleit: 2.1.0
    optionalDependencies:
      react: 19.0.0
      zod: 3.24.2

  '@ai-sdk/ui-utils@1.1.19(zod@3.24.2)':
    dependencies:
      '@ai-sdk/provider': 1.0.11
      '@ai-sdk/provider-utils': 2.1.13(zod@3.24.2)
      zod-to-json-schema: 3.24.4(zod@3.24.2)
    optionalDependencies:
      zod: 3.24.2

  '@opentelemetry/api@1.9.0': {}

  '@types/diff-match-patch@1.0.36': {}

  '@types/node@22.13.10':
    dependencies:
      undici-types: 6.20.0

  ai@4.1.61(react@19.0.0)(zod@3.24.2):
    dependencies:
      '@ai-sdk/provider': 1.0.11
      '@ai-sdk/provider-utils': 2.1.13(zod@3.24.2)
      '@ai-sdk/react': 1.1.23(react@19.0.0)(zod@3.24.2)
      '@ai-sdk/ui-utils': 1.1.19(zod@3.24.2)
      '@opentelemetry/api': 1.9.0
      eventsource-parser: 3.0.0
      jsondiffpatch: 0.6.0
    optionalDependencies:
      react: 19.0.0
      zod: 3.24.2

  chalk@5.4.1: {}

  dequal@2.0.3: {}

  diff-match-patch@1.0.5: {}

  dotenv@16.4.7: {}

  eventsource-parser@3.0.0: {}

  fsevents@2.3.2:
    optional: true

  json-schema@0.4.0: {}

  jsondiffpatch@0.6.0:
    dependencies:
      '@types/diff-match-patch': 1.0.36
      chalk: 5.4.1
      diff-match-patch: 1.0.5

  nanoid@3.3.10: {}

  playwright-core@1.51.0: {}

  playwright@1.51.0:
    dependencies:
      playwright-core: 1.51.0
    optionalDependencies:
      fsevents: 2.3.2

  react@19.0.0: {}

  secure-json-parse@2.7.0: {}

  swr@2.3.3(react@19.0.0):
    dependencies:
      dequal: 2.0.3
      react: 19.0.0
      use-sync-external-store: 1.4.0(react@19.0.0)

  throttleit@2.1.0: {}

  typescript@5.8.2: {}

  undici-types@6.20.0: {}

  use-sync-external-store@1.4.0(react@19.0.0):
    dependencies:
      react: 19.0.0

  zod-to-json-schema@3.24.4(zod@3.24.2):
    dependencies:
      zod: 3.24.2

  zod@3.24.2: {}
